{
  "name": "flexflag-example",
  "version": "0.0.0",
  "lockfileVersion": 3,
  "requires": true,
  "packages": {
    "": {
      "name": "flexflag-example",
      "version": "0.0.0",
      "license": "Apache-2.0",
      "dependencies": {
        "flexflag": "^0.1.0"
      }
    },
    "node_modules/flexflag": {
      "version": "0.1.0",
      "resolved": "https://registry.npmjs.org/flexflag/-/flexflag-0.1.0.tgz",
      "integrity": "sha512-oFUcBRfd9oQ2Cq1IPGnRXWg7WAKLzQVGRPDW89VnZ9gYHtmGo4hID1cqetIGvkfUJjkddwOket8KHSfijtqCBQ==",
      "license": "Apache-2.0"
    }
  }
}
